
Microsoft Visual Studio Solution File, Format Version 12.00
# Visual Studio Version 17
VisualStudioVersion = 17.14.36908.2 d17.14
MinimumVisualStudioVersion = 10.0.40219.1
Project("{FAE04EC0-301F-11D3-BF4B-00C04F79EFBC}") = "SIVehicleMaintenance", "SIVehicleMaintenance.csproj", "{DCF66E34-B308-483F-BABD-C5CA75B04C4A}"
EndProject
Global
	GlobalSection(SolutionConfigurationPlatforms) = preSolution
		Debug|Any CPU = Debug|Any CPU
		Release|Any CPU = Release|Any CPU
	EndGlobalSection
	GlobalSection(ProjectConfigurationPlatforms) = postSolution
		{DCF66E34-B308-483F-BABD-C5CA75B04C4A}.Debug|Any CPU.ActiveCfg = Debug|Any CPU
		{DCF66E34-B308-483F-BABD-C5CA75B04C4A}.Debug|Any CPU.Build.0 = Debug|Any CPU
		{DCF66E34-B308-483F-BABD-C5CA75B04C4A}.Release|Any CPU.ActiveCfg = Release|Any CPU
		{DCF66E34-B308-483F-BABD-C5CA75B04C4A}.Release|Any CPU.Build.0 = Release|Any CPU
	EndGlobalSection
	GlobalSection(SolutionProperties) = preSolution
		HideSolutionNode = FALSE
	EndGlobalSection
	GlobalSection(ExtensibilityGlobals) = postSolution
		SolutionGuid = {89BAC87E-52B6-43F7-83F9-C876E302712A}
	EndGlobalSection
EndGlobal
